<?xml version="1.0" encoding="utf-8"?>
<Project ToolsVersion="4.0" xmlns="http://schemas.microsoft.com/developer/msbuild/2003">
  <ItemGroup>
    <None Include="ParserTestFiles\additionTest.txt" />
    <None Include="ParserTestFiles\bracketsTest.txt" />
    <None Include="ParserTestFiles\ifTest.txt" />
    <None Include="ParserTestFiles\nestedWhileTest.txt" />
    <None Include="ParserTestFiles\operatorsTest.txt" />
    <None Include="ParserTestFiles\procTest.txt" />
    <None Include="ParserTestFiles\sample_SIMPLE_source.txt" />
    <None Include="ParserTestFiles\simpleAssignmentTest.txt" />
    <None Include="ParserTestFiles\whileTest.txt" />
    <None Include="ParserTestFiles\callTest.txt" />
    <None Include="ParserTestFiles\Source.txt" />
  </ItemGroup>
  <ItemGroup>
    <ClCompile Include="ModifiesTest.cpp" />
    <ClCompile Include="TestMain.cpp" />
    <ClCompile Include="ConstTableTest.cpp" />
    <ClCompile Include="ParserTest.cpp" />
    <ClCompile Include="PatternMatcherTest.cpp" />
    <ClCompile Include="ProcTableTest.cpp" />
    <ClCompile Include="QueryDataTest.cpp" />
    <ClCompile Include="QueryEvaluatorTest.cpp" />
    <ClCompile Include="QueryPreprocessorTest.cpp" />
    <ClCompile Include="RelTableTest.cpp" />
    <ClCompile Include="StmtTypeTableTest.cpp" />
    <ClCompile Include="TokenizerTest.cpp" />
    <ClCompile Include="VarTableTest.cpp" />
  </ItemGroup>
  <ItemGroup>
    <ClInclude Include="ModifiesTest.h" />
    <ClInclude Include="ConstTableTest.h" />
    <ClInclude Include="StmtTypeTableTest.h" />
    <ClInclude Include="ParserTest.h" />
    <ClInclude Include="PatternMatcherTest.h" />
    <ClInclude Include="ProcTableTest.h" />
    <ClInclude Include="QueryDataTest.h" />
    <ClInclude Include="QueryEvaluatorTest.h" />
    <ClInclude Include="QueryPreprocessorTest.h" />
    <ClInclude Include="RelTableTest.h" />
    <ClInclude Include="TokenizerTest.h" />
    <ClInclude Include="VarTableTest.h" />
  </ItemGroup>
</Project>