<?xml version="1.0" encoding="utf-8"?>
<Project ToolsVersion="4.0" xmlns="http://schemas.microsoft.com/developer/msbuild/2003">
  <ItemGroup>
    <ClCompile Include="source\IntegrationTest.cpp" />
    <ClCompile Include="AffectsTest.cpp" />
    <ClCompile Include="AffectsTest.cpp" />
    <ClInclude Include="AffectsTest.h" />
    <ClCompile Include="AffectsTTest.cpp" />
    <ClCompile Include="ParserToPKBTest.cpp" />
    <ClCompile Include="QueryEvaluatorToPKBPatternTest.cpp" />
    <ClCompile Include="QueryEvaluatorToPKBTest.cpp" />
    <ClCompile Include="CallsProcTableTest.cpp" />
    <ClCompile Include="FollowsStmtTypeTableTest.cpp" />
    <ClCompile Include="ModifiesUsesCallsParentTest.cpp" />
    <ClCompile Include="ParentStmtTypeTableTest.cpp" />
    <ClCompile Include="UltimateTest.cpp" />
  </ItemGroup>
  <ItemGroup>
    <None Include="InteractionsBtwnComponents.txt" />
    <None Include="ParserTestFiles\pkbTest.txt" />
    <None Include="ParserTestFiles\Source.txt" />
    <None Include="ParserTestFiles\ultimate-source.txt" />
    <None Include="ParserTestFiles\AffectsTTest.txt" />
    <None Include="ParserTestFiles\AffectsAssignCallsTest.txt" />
    <None Include="ParserTestFiles\AffectsIfThenElseCallsTest.txt" />
    <None Include="ParserTestFiles\AffectsWhileCallsTest.txt" />
    <None Include="ModifiesUsesCallsParentText.txt" />
  </ItemGroup>
  <ItemGroup>
    <ClInclude Include="AffectsTest.h" />
    <ClInclude Include="AffectsTTest.h" />
    <ClInclude Include="QueryEvaluatorToPKBTest.h" />
    <ClInclude Include="ParserToPKBTest.h" />
    <ClInclude Include="QueryEvaluatorToPKBPatternTest.h" />
    <ClInclude Include="CallsProcTableTest.h" />
    <ClInclude Include="FollowsStmtTypeTableTest.h" />
    <ClInclude Include="ParentStmtTypeTableTest.h" />
    <ClInclude Include="ModifiesUsesCallsParentTest.h" />
    <ClInclude Include="UltimateTest.h" />
  </ItemGroup>
</Project>