<?xml version="1.0" encoding="utf-8"?>
<Project ToolsVersion="4.0" xmlns="http://schemas.microsoft.com/developer/msbuild/2003">
  <ItemGroup>
    <Filter Include="Source Files">
      <UniqueIdentifier>{4FC737F1-C7A5-4376-A066-2A32D752A2FF}</UniqueIdentifier>
      <Extensions>cpp;c;cc;cxx;def;odl;idl;hpj;bat;asm;asmx</Extensions>
    </Filter>
    <Filter Include="Header Files">
      <UniqueIdentifier>{93995380-89BD-4b04-88EB-625FBE52EBFB}</UniqueIdentifier>
      <Extensions>h;hpp;hxx;hm;inl;inc;xsd</Extensions>
    </Filter>
    <Filter Include="Resource Files">
      <UniqueIdentifier>{67DA6AB6-F800-4c08-8B7A-83BB121AAD01}</UniqueIdentifier>
      <Extensions>rc;ico;cur;bmp;dlg;rc2;rct;bin;rgs;gif;jpg;jpeg;jpe;resx;tiff;tif;png;wav;mfcribbon-ms</Extensions>
    </Filter>
    <Filter Include="Header Files\PKB">
      <UniqueIdentifier>{b98a7aa6-4c3c-4cd2-835b-a395a4c1b6a9}</UniqueIdentifier>
    </Filter>
    <Filter Include="Header Files\SPAFrontEnd">
      <UniqueIdentifier>{5b669470-4dc0-4583-9c26-02389018b038}</UniqueIdentifier>
    </Filter>
    <Filter Include="Header Files\QueryProcessor">
      <UniqueIdentifier>{e54187e0-0fb2-4425-87d8-3130e15dcd98}</UniqueIdentifier>
    </Filter>
    <Filter Include="Header Files\SPAFrontEnd\DesignExtractor">
      <UniqueIdentifier>{54956221-7e0b-4877-b7e0-44b527016904}</UniqueIdentifier>
    </Filter>
    <Filter Include="Header Files\SPAFrontEnd\Parser">
      <UniqueIdentifier>{391de580-d9a1-45dd-855e-1a92b82c3f46}</UniqueIdentifier>
    </Filter>
    <Filter Include="Header Files\QueryProcessor\QueryEvaluator">
      <UniqueIdentifier>{f81ef34b-2d80-40df-847e-3930d6496d52}</UniqueIdentifier>
    </Filter>
    <Filter Include="Header Files\QueryProcessor\QueryPreprocessor">
      <UniqueIdentifier>{ee28d6c9-35f5-4d3d-899d-3640e911c295}</UniqueIdentifier>
    </Filter>
    <Filter Include="Source Files\PKB">
      <UniqueIdentifier>{7210b3b2-a687-4681-8f18-1e0c0f4699e3}</UniqueIdentifier>
    </Filter>
    <Filter Include="Source Files\QueryProcessor">
      <UniqueIdentifier>{327833bc-d4cc-4460-9db8-1f31d0616812}</UniqueIdentifier>
    </Filter>
    <Filter Include="Source Files\SPAFrontEnd">
      <UniqueIdentifier>{eb067ab2-e93b-4979-8093-ecb75d3760b2}</UniqueIdentifier>
    </Filter>
    <Filter Include="Source Files\QueryProcessor\QueryEvaluator">
      <UniqueIdentifier>{b58557eb-7c91-4493-b769-0ee982dbddf2}</UniqueIdentifier>
    </Filter>
    <Filter Include="Source Files\QueryProcessor\QueryPreprocessor">
      <UniqueIdentifier>{f43d3f2b-99dd-4ac6-9c82-34ff5c0a6bbc}</UniqueIdentifier>
    </Filter>
    <Filter Include="Source Files\SPAFrontEnd\DesignExtractor">
      <UniqueIdentifier>{44a94662-c48f-4a34-8c5b-1cad6ebe531a}</UniqueIdentifier>
    </Filter>
    <Filter Include="Source Files\SPAFrontEnd\Parser">
      <UniqueIdentifier>{9cec932e-a898-468e-9779-6296440e592f}</UniqueIdentifier>
    </Filter>
  </ItemGroup>
  <ItemGroup>
    <ClCompile Include="..\source\DesignExtractor.cpp">
      <Filter>Source Files</Filter>
    </ClCompile>
    <ClCompile Include="..\source\Parser.cpp">
      <Filter>Source Files</Filter>
    </ClCompile>
    <ClCompile Include="..\source\PKB.cpp">
      <Filter>Source Files</Filter>
    </ClCompile>
    <ClCompile Include="..\source\TNode.cpp">
      <Filter>Source Files</Filter>
    </ClCompile>
    <ClCompile Include="VarTable.cpp">
      <Filter>Source Files</Filter>
    </ClCompile>
    <ClCompile Include="Token.cpp">
      <Filter>Source Files</Filter>
    </ClCompile>
    <ClCompile Include="Tokenizer.cpp">
      <Filter>Source Files</Filter>
    </ClCompile>
    <ClCompile Include="QueryProcessor\QueryData.cpp">
      <Filter>Source Files</Filter>
    </ClCompile>
    <ClCompile Include="QueryProcessor\QueryEvaluator.cpp">
      <Filter>Source Files</Filter>
    </ClCompile>
    <ClCompile Include="QueryProcessor\QueryProcessor.cpp">
      <Filter>Source Files</Filter>
    </ClCompile>
    <ClCompile Include="QueryProcessor\QueryValidator.cpp">
      <Filter>Source Files</Filter>
    </ClCompile>
    <ClCompile Include="Follows.cpp">
      <Filter>Source Files</Filter>
    </ClCompile>
    <ClCompile Include="Parent.cpp">
      <Filter>Source Files</Filter>
    </ClCompile>
  </ItemGroup>
  <ItemGroup>
    <ClInclude Include="..\source\PKB.h">
      <Filter>Header Files</Filter>
    </ClInclude>
    <ClInclude Include="..\source\TNode.h">
      <Filter>Header Files</Filter>
    </ClInclude>
    <ClInclude Include="VarTable.h">
      <Filter>Header Files</Filter>
    </ClInclude>
    <ClInclude Include="Parser.h">
      <Filter>Header Files</Filter>
    </ClInclude>
    <ClInclude Include="Token.h">
      <Filter>Header Files</Filter>
    </ClInclude>
    <ClInclude Include="Tokenizer.h">
      <Filter>Header Files</Filter>
    </ClInclude>
    <ClInclude Include="QueryProcessor\Grammar.h">
      <Filter>Header Files</Filter>
    </ClInclude>
    <ClInclude Include="QueryProcessor\QueryData.h">
      <Filter>Header Files</Filter>
    </ClInclude>
    <ClInclude Include="QueryProcessor\QueryEvaluator.h">
      <Filter>Header Files</Filter>
    </ClInclude>
    <ClInclude Include="QueryProcessor\QueryProcessor.h">
      <Filter>Header Files</Filter>
    </ClInclude>
    <ClInclude Include="QueryProcessor\QueryValidator.h">
      <Filter>Header Files</Filter>
    </ClInclude>
    <ClInclude Include="Parent.h">
      <Filter>Header Files</Filter>
    </ClInclude>
    <ClInclude Include="Follows.h">
      <Filter>Header Files</Filter>
    </ClInclude>
    <ClInclude Include="IndexNotFoundException.h">
      <Filter>Header Files</Filter>
    </ClInclude>
  </ItemGroup>
</Project>