<?xml version="1.0" encoding="utf-8"?>
<Project ToolsVersion="4.0" xmlns="http://schemas.microsoft.com/developer/msbuild/2003">
  <ItemGroup>
    <Filter Include="Source Files">
      <UniqueIdentifier>{4FC737F1-C7A5-4376-A066-2A32D752A2FF}</UniqueIdentifier>
      <Extensions>cpp;c;cc;cxx;def;odl;idl;hpj;bat;asm;asmx</Extensions>
    </Filter>
    <Filter Include="Header Files">
      <UniqueIdentifier>{93995380-89BD-4b04-88EB-625FBE52EBFB}</UniqueIdentifier>
      <Extensions>h;hpp;hxx;hm;inl;inc;xsd</Extensions>
    </Filter>
    <Filter Include="Resource Files">
      <UniqueIdentifier>{67DA6AB6-F800-4c08-8B7A-83BB121AAD01}</UniqueIdentifier>
      <Extensions>rc;ico;cur;bmp;dlg;rc2;rct;bin;rgs;gif;jpg;jpeg;jpe;resx;tiff;tif;png;wav;mfcribbon-ms</Extensions>
    </Filter>
    <Filter Include="Header Files\PKB">
      <UniqueIdentifier>{b98a7aa6-4c3c-4cd2-835b-a395a4c1b6a9}</UniqueIdentifier>
    </Filter>
    <Filter Include="Header Files\QueryProcessor">
      <UniqueIdentifier>{e54187e0-0fb2-4425-87d8-3130e15dcd98}</UniqueIdentifier>
    </Filter>
    <Filter Include="Header Files\QueryProcessor\QueryEvaluator">
      <UniqueIdentifier>{f81ef34b-2d80-40df-847e-3930d6496d52}</UniqueIdentifier>
    </Filter>
    <Filter Include="Header Files\QueryProcessor\QueryPreprocessor">
      <UniqueIdentifier>{ee28d6c9-35f5-4d3d-899d-3640e911c295}</UniqueIdentifier>
    </Filter>
    <Filter Include="Source Files\PKB">
      <UniqueIdentifier>{7210b3b2-a687-4681-8f18-1e0c0f4699e3}</UniqueIdentifier>
    </Filter>
    <Filter Include="Source Files\QueryProcessor">
      <UniqueIdentifier>{327833bc-d4cc-4460-9db8-1f31d0616812}</UniqueIdentifier>
    </Filter>
    <Filter Include="Source Files\SPAFrontEnd">
      <UniqueIdentifier>{eb067ab2-e93b-4979-8093-ecb75d3760b2}</UniqueIdentifier>
    </Filter>
    <Filter Include="Source Files\QueryProcessor\QueryEvaluator">
      <UniqueIdentifier>{b58557eb-7c91-4493-b769-0ee982dbddf2}</UniqueIdentifier>
    </Filter>
    <Filter Include="Source Files\QueryProcessor\QueryPreprocessor">
      <UniqueIdentifier>{f43d3f2b-99dd-4ac6-9c82-34ff5c0a6bbc}</UniqueIdentifier>
    </Filter>
    <Filter Include="Source Files\SPAFrontEnd\DesignExtractor">
      <UniqueIdentifier>{44a94662-c48f-4a34-8c5b-1cad6ebe531a}</UniqueIdentifier>
    </Filter>
    <Filter Include="Source Files\SPAFrontEnd\Parser">
      <UniqueIdentifier>{9cec932e-a898-468e-9779-6296440e592f}</UniqueIdentifier>
    </Filter>
    <Filter Include="Header Files\SPAFrontEnd">
      <UniqueIdentifier>{e622a47d-8e3a-4c49-9648-88e0191bf3c1}</UniqueIdentifier>
    </Filter>
    <Filter Include="Header Files\SPAFrontEnd\Parser">
      <UniqueIdentifier>{6fc8a6e4-bf96-4d89-95a5-7d78e3286829}</UniqueIdentifier>
    </Filter>
    <Filter Include="Header Files\SPAFrontEnd\DesignExtractor">
      <UniqueIdentifier>{158c0b4a-246b-407c-b499-5b71025d59e3}</UniqueIdentifier>
    </Filter>
  </ItemGroup>
  <ItemGroup>
    <ClCompile Include="VarTable.cpp">
      <Filter>Source Files</Filter>
    </ClCompile>
    <ClCompile Include="Token.cpp">
      <Filter>Source Files</Filter>
    </ClCompile>
    <ClCompile Include="Tokenizer.cpp">
      <Filter>Source Files</Filter>
    </ClCompile>
    <ClCompile Include="QueryProcessor\QueryData.cpp">
      <Filter>Source Files</Filter>
    </ClCompile>
    <ClCompile Include="QueryProcessor\QueryEvaluator.cpp">
      <Filter>Source Files</Filter>
    </ClCompile>
    <ClCompile Include="QueryProcessor\QueryProcessor.cpp">
      <Filter>Source Files</Filter>
    </ClCompile>
    <ClCompile Include="QueryProcessor\QueryValidator.cpp">
      <Filter>Source Files</Filter>
    </ClCompile>
    <ClCompile Include="Follows.cpp">
      <Filter>Source Files</Filter>
    </ClCompile>
    <ClCompile Include="Parent.cpp">
      <Filter>Source Files</Filter>
    </ClCompile>
    <ClCompile Include="AST\AST.cpp">
      <Filter>Source Files</Filter>
    </ClCompile>
    <ClCompile Include="Parser.cpp">
      <Filter>Source Files</Filter>
    </ClCompile>
    <ClCompile Include="PKB.cpp">
      <Filter>Source Files</Filter>
    </ClCompile>
    <ClCompile Include="DesignExtractor.cpp">
      <Filter>Source Files</Filter>
    </ClCompile>
    <ClCompile Include="AST\TNode\TNode.cpp">
      <Filter>Source Files</Filter>
    </ClCompile>
    <ClCompile Include="AST\TNode\ContainerTNode.cpp">
      <Filter>Source Files</Filter>
    </ClCompile>
    <ClCompile Include="AST\TNode\AtomicTNode.cpp">
      <Filter>Source Files</Filter>
    </ClCompile>
    <ClCompile Include="AST\TNode\ConstantTNode.cpp">
      <Filter>Source Files</Filter>
    </ClCompile>
    <ClCompile Include="AST\TNode\VariableTNode.cpp">
      <Filter>Source Files</Filter>
    </ClCompile>
    <ClCompile Include="AST\TNode\StmtTNode.cpp">
      <Filter>Source Files</Filter>
    </ClCompile>
    <ClCompile Include="AST\TNode\StmtListTNode.cpp">
      <Filter>Source Files</Filter>
    </ClCompile>
    <ClCompile Include="AST\TNode\ConditionalTNode.cpp">
      <Filter>Source Files</Filter>
    </ClCompile>
    <ClCompile Include="AST\TNode\AssignmentTNode.cpp">
      <Filter>Source Files</Filter>
    </ClCompile>
    <ClCompile Include="AST\TNode\CallTNode.cpp">
      <Filter>Source Files</Filter>
    </ClCompile>
    <ClCompile Include="AST\TNode\WhileTNode.cpp">
      <Filter>Source Files</Filter>
    </ClCompile>
    <ClCompile Include="AST\TNode\IfTNode.cpp">
      <Filter>Source Files</Filter>
    </ClCompile>
    <ClCompile Include="AST\TNode\BinaryTNode.cpp">
      <Filter>Source Files</Filter>
    </ClCompile>
    <ClCompile Include="AST\TNode\ProcedureTNode.cpp">
      <Filter>Source Files</Filter>
    </ClCompile>
    <ClCompile Include="AST\TNode\ProgramTNode.cpp">
      <Filter>Source Files</Filter>
    </ClCompile>
    <ClCompile Include="QueryProcessor\RelTable.cpp">
      <Filter>Source Files</Filter>
    </ClCompile>
  </ItemGroup>
  <ItemGroup>
    <ClInclude Include="VarTable.h">
      <Filter>Header Files</Filter>
    </ClInclude>
    <ClInclude Include="Token.h">
      <Filter>Header Files</Filter>
    </ClInclude>
    <ClInclude Include="Tokenizer.h">
      <Filter>Header Files</Filter>
    </ClInclude>
    <ClInclude Include="QueryProcessor\Grammar.h">
      <Filter>Header Files</Filter>
    </ClInclude>
    <ClInclude Include="QueryProcessor\QueryData.h">
      <Filter>Header Files</Filter>
    </ClInclude>
    <ClInclude Include="QueryProcessor\QueryEvaluator.h">
      <Filter>Header Files</Filter>
    </ClInclude>
    <ClInclude Include="QueryProcessor\QueryProcessor.h">
      <Filter>Header Files</Filter>
    </ClInclude>
    <ClInclude Include="QueryProcessor\QueryValidator.h">
      <Filter>Header Files</Filter>
    </ClInclude>
    <ClInclude Include="Parent.h">
      <Filter>Header Files</Filter>
    </ClInclude>
    <ClInclude Include="Follows.h">
      <Filter>Header Files</Filter>
    </ClInclude>
    <ClInclude Include="resource.h">
      <Filter>Header Files</Filter>
    </ClInclude>
    <ClInclude Include="AST\AST.h">
      <Filter>Header Files</Filter>
    </ClInclude>
    <ClInclude Include="PKB.h">
      <Filter>Header Files</Filter>
    </ClInclude>
    <ClInclude Include="AST\TNode\TNode.h">
      <Filter>Header Files</Filter>
    </ClInclude>
    <ClInclude Include="AST\TNode\ContainerTNode.h">
      <Filter>Header Files</Filter>
    </ClInclude>
    <ClInclude Include="AST\TNode\AtomicTNode.h">
      <Filter>Header Files</Filter>
    </ClInclude>
    <ClInclude Include="AST\TNode\ConstantTNode.h">
      <Filter>Header Files</Filter>
    </ClInclude>
    <ClInclude Include="AST\TNode\VariableTNode.h">
      <Filter>Header Files</Filter>
    </ClInclude>
    <ClInclude Include="AST\TNode\StmtTNode.h">
      <Filter>Header Files</Filter>
    </ClInclude>
    <ClInclude Include="AST\TNode\StmtListTNode.h">
      <Filter>Header Files</Filter>
    </ClInclude>
    <ClInclude Include="AST\TNode\ConditionalTNode.h">
      <Filter>Header Files</Filter>
    </ClInclude>
    <ClInclude Include="AST\TNode\AssignmentTNode.h">
      <Filter>Header Files</Filter>
    </ClInclude>
    <ClInclude Include="AST\TNode\CallTNode.h">
      <Filter>Header Files</Filter>
    </ClInclude>
    <ClInclude Include="AST\TNode\WhileTNode.h">
      <Filter>Header Files</Filter>
    </ClInclude>
    <ClInclude Include="AST\TNode\IfTNode.h">
      <Filter>Header Files</Filter>
    </ClInclude>
    <ClInclude Include="AST\TNode\BinaryTNode.h">
      <Filter>Header Files</Filter>
    </ClInclude>
    <ClInclude Include="AST\TNode\ProcedureTNode.h">
      <Filter>Header Files</Filter>
    </ClInclude>
    <ClInclude Include="AST\TNode\ProgramTNode.h">
      <Filter>Header Files</Filter>
    </ClInclude>
    <ClInclude Include="Parser.h">
      <Filter>Header Files</Filter>
    </ClInclude>
    <ClInclude Include="QueryProcessor\RelTable.h">
      <Filter>Header Files</Filter>
    </ClInclude>
    <ClInclude Include="StmtTypeTable.h">
      <Filter>Header Files</Filter>
    </ClInclude>
    <ClInclude Include="IndexNotFoundException.h">
      <Filter>Header Files</Filter>
    </ClInclude>
  </ItemGroup>
  <ItemGroup>
    <ResourceCompile Include="SPA.rc">
      <Filter>Resource Files</Filter>
    </ResourceCompile>
  </ItemGroup>
</Project>